
Microsoft Visual Studio Solution File, Format Version 12.00
# Visual Studio Version 16
VisualStudioVersion = 16.0.29020.237
MinimumVisualStudioVersion = 10.0.40219.1
Project("{FAE04EC0-301F-11D3-BF4B-00C04F79EFBC}") = "WebApplication3", "WebApplication3\WebApplication3.csproj", "{0D177315-221D-430E-A7E1-313EEE148BA6}"
EndProject
Global
	GlobalSection(SolutionConfigurationPlatforms) = preSolution
		Debug|Any CPU = Debug|Any CPU
		Release|Any CPU = Release|Any CPU
	EndGlobalSection
	GlobalSection(ProjectConfigurationPlatforms) = postSolution
		{0D177315-221D-430E-A7E1-313EEE148BA6}.Debug|Any CPU.ActiveCfg = Debug|Any CPU
		{0D177315-221D-430E-A7E1-313EEE148BA6}.Debug|Any CPU.Build.0 = Debug|Any CPU
		{0D177315-221D-430E-A7E1-313EEE148BA6}.Release|Any CPU.ActiveCfg = Release|Any CPU
		{0D177315-221D-430E-A7E1-313EEE148BA6}.Release|Any CPU.Build.0 = Release|Any CPU
	EndGlobalSection
	GlobalSection(SolutionProperties) = preSolution
		HideSolutionNode = FALSE
	EndGlobalSection
	GlobalSection(ExtensibilityGlobals) = postSolution
		SolutionGuid = {555300D1-A31D-412B-978D-394C16E605AC}
	EndGlobalSection
EndGlobal
